Microsoft Visual Studio Solution File, Format Version 12.00
# Visual Studio 2012
Project("{FAE04EC0-301F-11D3-BF4B-00C04F79EFBC}") = "NetLab", "NetLab.csproj", "{DD97385E-C288-4CA3-9DAA-2733AA3C398A}"
EndProject
Global
	GlobalSection(SolutionConfigurationPlatforms) = preSolution
	Debug|Any CPU = Debug|Any CPU
	ExportDebug|Any CPU = ExportDebug|Any CPU
	ExportRelease|Any CPU = ExportRelease|Any CPU
	EndGlobalSection
	GlobalSection(ProjectConfigurationPlatforms) = postSolution
		{DD97385E-C288-4CA3-9DAA-2733AA3C398A}.Debug|Any CPU.ActiveCfg = Debug|Any CPU
		{DD97385E-C288-4CA3-9DAA-2733AA3C398A}.Debug|Any CPU.Build.0 = Debug|Any CPU
		{DD97385E-C288-4CA3-9DAA-2733AA3C398A}.ExportDebug|Any CPU.ActiveCfg = ExportDebug|Any CPU
		{DD97385E-C288-4CA3-9DAA-2733AA3C398A}.ExportDebug|Any CPU.Build.0 = ExportDebug|Any CPU
		{DD97385E-C288-4CA3-9DAA-2733AA3C398A}.ExportRelease|Any CPU.ActiveCfg = ExportRelease|Any CPU
		{DD97385E-C288-4CA3-9DAA-2733AA3C398A}.ExportRelease|Any CPU.Build.0 = ExportRelease|Any CPU
	EndGlobalSection
EndGlobal
